<?xml version="1.0" encoding="utf-8"?>
<Project ToolsVersion="4.0" xmlns="http://schemas.microsoft.com/developer/msbuild/2003">
  <ItemGroup>
    <ClCompile Include="src\Window.cpp">
      <Filter>System</Filter>
    </ClCompile>
    <ClCompile Include="src\Timer.cpp">
      <Filter>System</Filter>
    </ClCompile>
    <ClCompile Include="src\AudioEngine.cpp">
      <Filter>Audio</Filter>
    </ClCompile>
    <ClCompile Include="src\Enemy.cpp">
      <Filter>Game\Enemy</Filter>
    </ClCompile>
    <ClCompile Include="src\RunningEnemy.cpp">
      <Filter>Game\Enemy</Filter>
    </ClCompile>
    <ClCompile Include="src\EnemyAttackRunState.cpp">
      <Filter>Game\Enemy\States</Filter>
    </ClCompile>
    <ClCompile Include="src\EnemyAttackState.cpp">
      <Filter>Game\Enemy\States</Filter>
    </ClCompile>
    <ClCompile Include="src\EnemyDeadState.cpp">
      <Filter>Game\Enemy\States</Filter>
    </ClCompile>
    <ClCompile Include="src\EnemyHurtState.cpp">
      <Filter>Game\Enemy\States</Filter>
    </ClCompile>
    <ClCompile Include="src\EnemyIdleState.cpp">
      <Filter>Game\Enemy\States</Filter>
    </ClCompile>
    <ClCompile Include="src\EnemyKnockbackState.cpp">
      <Filter>Game\Enemy\States</Filter>
    </ClCompile>
    <ClCompile Include="src\EnemyRunningState.cpp">
      <Filter>Game\Enemy\States</Filter>
    </ClCompile>
    <ClCompile Include="src\EnemyWalkingState.cpp">
      <Filter>Game\Enemy\States</Filter>
    </ClCompile>
    <ClCompile Include="src\KingMookEnemyGlobalState.cpp">
      <Filter>Game\Enemy\States</Filter>
    </ClCompile>
    <ClCompile Include="src\NormalEnemyGlobalState.cpp">
      <Filter>Game\Enemy\States</Filter>
    </ClCompile>
    <ClCompile Include="src\MookRunningEnemyGlobalState.cpp">
      <Filter>Game\Enemy\States</Filter>
    </ClCompile>
    <ClCompile Include="src\RunningEnemyDeadState.cpp">
      <Filter>Game\Enemy\States</Filter>
    </ClCompile>
    <ClCompile Include="src\GameplayGameState.cpp">
      <Filter>Game\States</Filter>
    </ClCompile>
    <ClCompile Include="src\Input.cpp">
      <Filter>System</Filter>
    </ClCompile>
    <ClCompile Include="src\SoundSource.cpp">
      <Filter>Audio</Filter>
    </ClCompile>
    <ClCompile Include="src\Sound.cpp">
      <Filter>Audio</Filter>
    </ClCompile>
    <ClCompile Include="src\Graphics.cpp">
      <Filter>Graphics</Filter>
    </ClCompile>
    <ClCompile Include="src\Player.cpp">
      <Filter>Game\Player</Filter>
    </ClCompile>
    <ClCompile Include="src\PlayerAttackState.cpp">
      <Filter>Game\Player\States</Filter>
    </ClCompile>
    <ClCompile Include="src\PlayerBlockState.cpp">
      <Filter>Game\Player\States</Filter>
    </ClCompile>
    <ClCompile Include="src\PlayerDeadState.cpp">
      <Filter>Game\Player\States</Filter>
    </ClCompile>
    <ClCompile Include="src\PlayerGlobalState.cpp">
      <Filter>Game\Player\States</Filter>
    </ClCompile>
    <ClCompile Include="src\PlayerHurtState.cpp">
      <Filter>Game\Player\States</Filter>
    </ClCompile>
    <ClCompile Include="src\PlayerIdleState.cpp">
      <Filter>Game\Player\States</Filter>
    </ClCompile>
    <ClCompile Include="src\PlayerKnockbackState.cpp">
      <Filter>Game\Player\States</Filter>
    </ClCompile>
    <ClCompile Include="src\PlayerRunningState.cpp">
      <Filter>Game\Player\States</Filter>
    </ClCompile>
    <ClCompile Include="src\PlayerSprintingState.cpp">
      <Filter>Game\Player\States</Filter>
    </ClCompile>
    <ClCompile Include="src\Texture.cpp">
      <Filter>Graphics</Filter>
    </ClCompile>
    <ClCompile Include="src\Game.cpp">
      <Filter>Game</Filter>
    </ClCompile>
    <ClCompile Include="src\SpriteFx.cpp">
      <Filter>Graphics\VFX</Filter>
    </ClCompile>
    <ClCompile Include="src\PixelTexture.cpp">
      <Filter>Graphics</Filter>
    </ClCompile>
    <ClCompile Include="src\Randomiser.cpp">
      <Filter>System</Filter>
    </ClCompile>
    <ClCompile Include="src\AABB.cpp">
      <Filter>Collision</Filter>
    </ClCompile>
    <ClCompile Include="src\ControlSystem.cpp">
      <Filter>System</Filter>
    </ClCompile>
    <ClCompile Include="src\Collider.cpp">
      <Filter>Collision</Filter>
    </ClCompile>
    <ClCompile Include="src\HitBoxManager.cpp">
      <Filter>Collision</Filter>
    </ClCompile>
    <ClCompile Include="src\KingMookChargeState.cpp">
      <Filter>Game\Enemy\States</Filter>
    </ClCompile>
    <ClCompile Include="src\KingMook.cpp">
      <Filter>Game\Enemy</Filter>
    </ClCompile>
    <ClCompile Include="src\GameObject.cpp">
      <Filter>Game</Filter>
    </ClCompile>
    <ClCompile Include="src\ParticleSystem.cpp">
      <Filter>Graphics\VFX</Filter>
    </ClCompile>
    <ClCompile Include="src\LevelRenderer.cpp">
      <Filter>Graphics</Filter>
    </ClCompile>
    <ClCompile Include="src\GameStateManager.cpp">
      <Filter>Game\States</Filter>
    </ClCompile>
    <ClCompile Include="src\GameState.cpp">
      <Filter>Game\States</Filter>
    </ClCompile>
    <ClCompile Include="src\Animator.cpp">
      <Filter>Graphics\Sprites\Animation</Filter>
    </ClCompile>
    <ClCompile Include="src\Sprite.cpp">
      <Filter>Graphics\Sprites</Filter>
    </ClCompile>
    <ClCompile Include="src\Spritesheet.cpp">
      <Filter>Graphics\Sprites</Filter>
    </ClCompile>
    <ClCompile Include="src\Logger.cpp">
      <Filter>System</Filter>
    </ClCompile>
    <ClCompile Include="src\InitialLoadGameState.cpp">
      <Filter>Game\States</Filter>
    </ClCompile>
    <ClCompile Include="src\LoadingGameState.cpp">
      <Filter>Game\States</Filter>
    </ClCompile>
    <ClCompile Include="src\UISystemView.cpp">
      <Filter>UI\System</Filter>
    </ClCompile>
    <ClCompile Include="src\TitleScreenGameState.cpp">
      <Filter>Game\States</Filter>
    </ClCompile>
    <ClCompile Include="src\FadeTransitionGameState.cpp">
      <Filter>Game\States</Filter>
    </ClCompile>
    <ClCompile Include="src\UIFrontEndView.cpp">
      <Filter>UI\FrontEnd</Filter>
    </ClCompile>
    <ClCompile Include="src\UIImageView.cpp">
      <Filter>UI\Core</Filter>
    </ClCompile>
    <ClCompile Include="src\UIView.cpp">
      <Filter>UI\Core</Filter>
    </ClCompile>
    <ClCompile Include="src\UILoadingView.cpp">
      <Filter>UI\System\Loading</Filter>
    </ClCompile>
    <ClCompile Include="src\UIManager.cpp">
      <Filter>UI\Core</Filter>
    </ClCompile>
    <ClCompile Include="src\UITitleScreenView.cpp">
      <Filter>UI\FrontEnd\TitleScreen</Filter>
    </ClCompile>
    <ClCompile Include="src\UIStackingView.cpp">
      <Filter>UI\Core</Filter>
    </ClCompile>
    <ClCompile Include="src\UISpriteText.cpp">
      <Filter>UI\Core</Filter>
    </ClCompile>
    <ClCompile Include="src\UIConfig.cpp">
      <Filter>UI</Filter>
    </ClCompile>
    <ClCompile Include="src\UIMainMenuView.cpp">
      <Filter>UI\FrontEnd\MainMenu</Filter>
    </ClCompile>
    <ClCompile Include="src\MainMenuGameState.cpp">
      <Filter>Game\States</Filter>
    </ClCompile>
    <ClCompile Include="src\UIMenuItemView.cpp">
      <Filter>UI\Core</Filter>
    </ClCompile>
    <ClCompile Include="src\UITextMenuItemView.cpp">
      <Filter>UI\Shared</Filter>
    </ClCompile>
    <ClCompile Include="src\MenuSystem.cpp">
      <Filter>System</Filter>
    </ClCompile>
    <ClCompile Include="src\AssetLoader.cpp">
      <Filter>System\Data</Filter>
    </ClCompile>
    <ClCompile Include="src\AssetType.cpp">
      <Filter>System\Data</Filter>
    </ClCompile>
    <ClCompile Include="src\GameDataManager.cpp">
      <Filter>System\Data</Filter>
    </ClCompile>
    <ClCompile Include="src\UIMainView.cpp">
      <Filter>UI\Gameplay</Filter>
    </ClCompile>
    <ClCompile Include="src\UIHudView.cpp">
      <Filter>UI\Gameplay\Hud</Filter>
    </ClCompile>
    <ClCompile Include="src\UIPortraitView.cpp">
      <Filter>UI\Gameplay\Hud</Filter>
    </ClCompile>
    <ClCompile Include="src\UIPlayerStatsView.cpp">
      <Filter>UI\Gameplay\Hud</Filter>
    </ClCompile>
    <ClCompile Include="src\UIBarView.cpp">
      <Filter>UI\Gameplay\Hud</Filter>
    </ClCompile>
    <ClCompile Include="src\UIKillCount.cpp">
      <Filter>UI\Gameplay\Hud</Filter>
    </ClCompile>
    <ClCompile Include="src\UIEnemyStatsView.cpp">
      <Filter>UI\Gameplay\Hud</Filter>
    </ClCompile>
    <ClCompile Include="src\UIComboCounterView.cpp">
      <Filter>UI\Gameplay\Hud</Filter>
    </ClCompile>
    <ClCompile Include="src\UIScreenFlashFX.cpp">
      <Filter>UI\Gameplay\ScreenFlashFX</Filter>
    </ClCompile>
    <ClCompile Include="src\UIKillMilestoneView.cpp">
      <Filter>UI\Gameplay\Hud</Filter>
    </ClCompile>
    <ClCompile Include="src\Camera.cpp">
      <Filter>System\Camera</Filter>
    </ClCompile>
    <ClCompile Include="src\Utils.h">
      <Filter>System</Filter>
    </ClCompile>
    <ClCompile Include="src\PlayerBuildSpecialState.cpp">
      <Filter>Game\Player\States</Filter>
    </ClCompile>
    <ClCompile Include="src\ScreenShake.cpp">
      <Filter>Graphics</Filter>
    </ClCompile>
    <ClCompile Include="src\LevelCollision.cpp">
      <Filter>Collision</Filter>
    </ClCompile>
    <ClCompile Include="src\Main.cpp">
      <Filter>Game</Filter>
    </ClCompile>
    <ClCompile Include="src\UISprite.cpp">
      <Filter>Graphics\Sprites</Filter>
    </ClCompile>
    <ClCompile Include="src\TilemapLoader.cpp">
      <Filter>System</Filter>
    </ClCompile>
    <ClCompile Include="src\EnemyFallingState.cpp">
      <Filter>Game\Enemy\States</Filter>
    </ClCompile>
    <ClCompile Include="src\EnemyLandingState.cpp">
      <Filter>Game\Enemy\States</Filter>
    </ClCompile>
    <ClCompile Include="src\ImpactFxPool.cpp">
      <Filter>Graphics\VFX</Filter>
    </ClCompile>
    <ClCompile Include="src\NPCManager.cpp">
      <Filter>Game\Enemy</Filter>
    </ClCompile>
    <ClCompile Include="src\NPCFactory.cpp">
      <Filter>Game\Enemy</Filter>
    </ClCompile>
    <ClCompile Include="src\EnemySpawnManager.cpp">
      <Filter>Game\Enemy</Filter>
    </ClCompile>
    <ClCompile Include="src\EnemySpawner.cpp">
      <Filter>Game\Enemy</Filter>
    </ClCompile>
    <ClCompile Include="src\EventManager.cpp">
      <Filter>System</Filter>
    </ClCompile>
    <ClCompile Include="src\UIFadeOverlayView.cpp">
      <Filter>UI\Shared\FadeOverlay</Filter>
    </ClCompile>
    <ClCompile Include="src\UIOptionsView.cpp">
      <Filter>UI\Shared\Options</Filter>
    </ClCompile>
    <ClCompile Include="src\FrontEndOptionsGameState.cpp">
      <Filter>Game\States</Filter>
    </ClCompile>
    <ClCompile Include="src\UISliderMenuItemView.cpp">
      <Filter>UI\Shared</Filter>
    </ClCompile>
  </ItemGroup>
  <ItemGroup>
    <Filter Include="System">
      <UniqueIdentifier>{0834f2ca-689d-462c-9e50-6167afd0d8ef}</UniqueIdentifier>
    </Filter>
    <Filter Include="Audio">
      <UniqueIdentifier>{036d56e3-0f00-43b6-98f6-82fbe9248ae3}</UniqueIdentifier>
    </Filter>
    <Filter Include="Game">
      <UniqueIdentifier>{b4cbcd8f-81df-47b8-8d6e-2d80c41a86c8}</UniqueIdentifier>
    </Filter>
    <Filter Include="Game\Enemy">
      <UniqueIdentifier>{0b4a85e6-813f-47fb-8a5d-fd18fec84d9e}</UniqueIdentifier>
    </Filter>
    <Filter Include="Game\Enemy\States">
      <UniqueIdentifier>{6df703d3-8b27-4336-925f-d0ce808d6c7d}</UniqueIdentifier>
    </Filter>
    <Filter Include="Game\States">
      <UniqueIdentifier>{16b3cf1e-e87d-4f63-9986-e04f74dd8ed0}</UniqueIdentifier>
    </Filter>
    <Filter Include="Graphics">
      <UniqueIdentifier>{84ba73c8-d904-4698-ab16-3cadebf351c6}</UniqueIdentifier>
    </Filter>
    <Filter Include="Game\Player">
      <UniqueIdentifier>{00246f70-5b4d-4194-9c76-20f0af138e81}</UniqueIdentifier>
    </Filter>
    <Filter Include="Game\Player\States">
      <UniqueIdentifier>{09f06dc3-3617-4118-b92b-170a2ad91ff7}</UniqueIdentifier>
    </Filter>
    <Filter Include="UI">
      <UniqueIdentifier>{4db33e1c-495f-4d65-a041-a6f131efa1f0}</UniqueIdentifier>
    </Filter>
    <Filter Include="Graphics\VFX">
      <UniqueIdentifier>{a4e5c9fd-0880-4502-9bd3-37470c7480c2}</UniqueIdentifier>
    </Filter>
    <Filter Include="Collision">
      <UniqueIdentifier>{af2df959-4857-4e51-a3c0-456cb4f7c65a}</UniqueIdentifier>
    </Filter>
    <Filter Include="Constants">
      <UniqueIdentifier>{72a839a7-bfc7-4590-9673-7c3d84ca8d88}</UniqueIdentifier>
    </Filter>
    <Filter Include="Graphics\Sprites">
      <UniqueIdentifier>{3e5a5f6f-65c1-4341-9883-726108432e67}</UniqueIdentifier>
    </Filter>
    <Filter Include="Graphics\Sprites\Animation">
      <UniqueIdentifier>{c50f3094-0fff-4ed0-9b69-c915e5c7eff8}</UniqueIdentifier>
    </Filter>
    <Filter Include="UI\Shared">
      <UniqueIdentifier>{f03b5a82-5dc5-4dc5-9787-00a008d927bc}</UniqueIdentifier>
    </Filter>
    <Filter Include="UI\FrontEnd">
      <UniqueIdentifier>{525aedaf-9ccb-4c7d-bde9-eb984ed04c13}</UniqueIdentifier>
    </Filter>
    <Filter Include="UI\Core">
      <UniqueIdentifier>{a743d8b5-92e4-4c6b-bc26-6b9745d5fab9}</UniqueIdentifier>
    </Filter>
    <Filter Include="UI\FrontEnd\TitleScreen">
      <UniqueIdentifier>{9494f26e-e5d5-4c34-bad4-1098b7ddaf37}</UniqueIdentifier>
    </Filter>
    <Filter Include="UI\System">
      <UniqueIdentifier>{d1aad49f-fe68-4b30-9baa-fadfa12941ce}</UniqueIdentifier>
    </Filter>
    <Filter Include="UI\System\Loading">
      <UniqueIdentifier>{da6c0928-3a65-4eba-8e92-8d0339b6caea}</UniqueIdentifier>
    </Filter>
    <Filter Include="UI\FrontEnd\MainMenu">
      <UniqueIdentifier>{0f43ca10-ec66-43a5-9ede-1ba939bc8d5c}</UniqueIdentifier>
    </Filter>
    <Filter Include="System\Data">
      <UniqueIdentifier>{088bc27f-fcb8-47cf-b5af-72b28449102f}</UniqueIdentifier>
    </Filter>
    <Filter Include="Assets">
      <UniqueIdentifier>{321e2898-ecdc-48e2-a7aa-84590962e760}</UniqueIdentifier>
    </Filter>
    <Filter Include="Assets\Textures">
      <UniqueIdentifier>{f6335db0-ea85-4171-8e66-210153c2d12c}</UniqueIdentifier>
    </Filter>
    <Filter Include="Assets\Textures\UI">
      <UniqueIdentifier>{07c841b0-8ba5-4ebb-8c1d-ebabffdd2aed}</UniqueIdentifier>
    </Filter>
    <Filter Include="Assets\Sounds">
      <UniqueIdentifier>{a94ed7da-f908-4d40-88ff-74d0fb6e90c5}</UniqueIdentifier>
    </Filter>
    <Filter Include="Assets\Fonts">
      <UniqueIdentifier>{cbd091d5-d8a8-4727-895e-513f6052281b}</UniqueIdentifier>
    </Filter>
    <Filter Include="Assets\Data">
      <UniqueIdentifier>{14c829cd-02d2-4caf-9a55-b1939bd0f172}</UniqueIdentifier>
    </Filter>
    <Filter Include="Assets\Data\Enemies">
      <UniqueIdentifier>{f80da53f-f102-40e8-969a-119353fae6a2}</UniqueIdentifier>
    </Filter>
    <Filter Include="Assets\Data\Hitboxes">
      <UniqueIdentifier>{23816605-1b42-4655-936e-b6c16c765b39}</UniqueIdentifier>
    </Filter>
    <Filter Include="Assets\Data\Player">
      <UniqueIdentifier>{09cd74b7-9ada-43ef-931b-22afbfadcad4}</UniqueIdentifier>
    </Filter>
    <Filter Include="Assets\Data\Spritesheets">
      <UniqueIdentifier>{353fe369-9005-4ef5-9036-293713940adf}</UniqueIdentifier>
    </Filter>
    <Filter Include="Assets\Data\Tilemaps">
      <UniqueIdentifier>{07eb4a0e-b20d-47d2-8342-1dd86063cb2b}</UniqueIdentifier>
    </Filter>
    <Filter Include="UI\Gameplay">
      <UniqueIdentifier>{505f7060-f8b5-41d9-b4f3-64acd68029da}</UniqueIdentifier>
    </Filter>
    <Filter Include="UI\Gameplay\Hud">
      <UniqueIdentifier>{2af9ab78-06c5-4a9b-9444-f53e4dcb1c0a}</UniqueIdentifier>
    </Filter>
    <Filter Include="UI\Gameplay\ScreenFlashFX">
      <UniqueIdentifier>{65171c29-2300-4aaa-8425-8f01aff686d4}</UniqueIdentifier>
    </Filter>
    <Filter Include="System\Camera">
      <UniqueIdentifier>{a0f860c5-b5c5-4aba-abe3-37efb6e7a4e1}</UniqueIdentifier>
    </Filter>
    <Filter Include="UI\Shared\FadeOverlay">
      <UniqueIdentifier>{56de6965-fc51-45ae-bce9-7ced98a9e6ad}</UniqueIdentifier>
    </Filter>
    <Filter Include="UI\Shared\Options">
      <UniqueIdentifier>{86740b24-e8ee-4079-b07f-cd8fb98684e5}</UniqueIdentifier>
    </Filter>
  </ItemGroup>
  <ItemGroup>
    <ClInclude Include="src\Window.h">
      <Filter>System</Filter>
    </ClInclude>
    <ClInclude Include="src\Timer.h">
      <Filter>System</Filter>
    </ClInclude>
    <ClInclude Include="src\AudioEngine.h">
      <Filter>Audio</Filter>
    </ClInclude>
    <ClInclude Include="src\AudioConstants.h">
      <Filter>Constants</Filter>
    </ClInclude>
    <ClInclude Include="src\GameplayConstants.h">
      <Filter>Constants</Filter>
    </ClInclude>
    <ClInclude Include="src\GlobalConstants.h">
      <Filter>Constants</Filter>
    </ClInclude>
    <ClInclude Include="src\PlayerConstants.h">
      <Filter>Constants</Filter>
    </ClInclude>
    <ClInclude Include="src\Enemy.h">
      <Filter>Game\Enemy</Filter>
    </ClInclude>
    <ClInclude Include="src\RunningEnemy.h">
      <Filter>Game\Enemy</Filter>
    </ClInclude>
    <ClInclude Include="src\EnemyAttackRunState.h">
      <Filter>Game\Enemy\States</Filter>
    </ClInclude>
    <ClInclude Include="src\EnemyAttackState.h">
      <Filter>Game\Enemy\States</Filter>
    </ClInclude>
    <ClInclude Include="src\EnemyDeadState.h">
      <Filter>Game\Enemy\States</Filter>
    </ClInclude>
    <ClInclude Include="src\EnemyHurtState.h">
      <Filter>Game\Enemy\States</Filter>
    </ClInclude>
    <ClInclude Include="src\EnemyIdleState.h">
      <Filter>Game\Enemy\States</Filter>
    </ClInclude>
    <ClInclude Include="src\EnemyKnockbackState.h">
      <Filter>Game\Enemy\States</Filter>
    </ClInclude>
    <ClInclude Include="src\EnemyRunningState.h">
      <Filter>Game\Enemy\States</Filter>
    </ClInclude>
    <ClInclude Include="src\EnemyWalkingState.h">
      <Filter>Game\Enemy\States</Filter>
    </ClInclude>
    <ClInclude Include="src\KingMookEnemyGlobalState.h">
      <Filter>Game\Enemy\States</Filter>
    </ClInclude>
    <ClInclude Include="src\NormalEnemyGlobalState.h">
      <Filter>Game\Enemy\States</Filter>
    </ClInclude>
    <ClInclude Include="src\MookRunningEnemyGlobalState.h">
      <Filter>Game\Enemy\States</Filter>
    </ClInclude>
    <ClInclude Include="src\RunningEnemyDeadState.h">
      <Filter>Game\Enemy\States</Filter>
    </ClInclude>
    <ClInclude Include="src\Input.h">
      <Filter>System</Filter>
    </ClInclude>
    <ClInclude Include="src\Sound.h">
      <Filter>Audio</Filter>
    </ClInclude>
    <ClInclude Include="src\SoundSource.h">
      <Filter>Audio</Filter>
    </ClInclude>
    <ClInclude Include="src\Graphics.h">
      <Filter>Graphics</Filter>
    </ClInclude>
    <ClInclude Include="src\Player.h">
      <Filter>Game\Player</Filter>
    </ClInclude>
    <ClInclude Include="src\PlayerAttackState.h">
      <Filter>Game\Player\States</Filter>
    </ClInclude>
    <ClInclude Include="src\PlayerBlockState.h">
      <Filter>Game\Player\States</Filter>
    </ClInclude>
    <ClInclude Include="src\PlayerDeadState.h">
      <Filter>Game\Player\States</Filter>
    </ClInclude>
    <ClInclude Include="src\PlayerGlobalState.h">
      <Filter>Game\Player\States</Filter>
    </ClInclude>
    <ClInclude Include="src\PlayerHurtState.h">
      <Filter>Game\Player\States</Filter>
    </ClInclude>
    <ClInclude Include="src\PlayerIdleState.h">
      <Filter>Game\Player\States</Filter>
    </ClInclude>
    <ClInclude Include="src\PlayerKnockbackState.h">
      <Filter>Game\Player\States</Filter>
    </ClInclude>
    <ClInclude Include="src\PlayerRunningState.h">
      <Filter>Game\Player\States</Filter>
    </ClInclude>
    <ClInclude Include="src\PlayerSprintingState.h">
      <Filter>Game\Player\States</Filter>
    </ClInclude>
    <ClInclude Include="src\AABB.h">
      <Filter>Collision</Filter>
    </ClInclude>
    <ClInclude Include="src\ControlSystem.h">
      <Filter>System</Filter>
    </ClInclude>
    <ClInclude Include="src\UnitVectors.h">
      <Filter>Game</Filter>
    </ClInclude>
    <ClInclude Include="src\Game.h">
      <Filter>Game</Filter>
    </ClInclude>
    <ClInclude Include="src\GameObject.h">
      <Filter>Game</Filter>
    </ClInclude>
    <ClInclude Include="src\GameplayGameState.h">
      <Filter>Game\States</Filter>
    </ClInclude>
    <ClInclude Include="src\GameState.h">
      <Filter>Game\States</Filter>
    </ClInclude>
    <ClInclude Include="src\HitBoxManager.h">
      <Filter>Collision</Filter>
    </ClInclude>
    <ClInclude Include="src\HitBoxData.h">
      <Filter>Collision</Filter>
    </ClInclude>
    <ClInclude Include="src\Collider.h">
      <Filter>Collision</Filter>
    </ClInclude>
    <ClInclude Include="src\SpriteFx.h">
      <Filter>Graphics\VFX</Filter>
    </ClInclude>
    <ClInclude Include="src\PixelTexture.h">
      <Filter>Graphics</Filter>
    </ClInclude>
    <ClInclude Include="src\ParticleSystem.h">
      <Filter>Graphics\VFX</Filter>
    </ClInclude>
    <ClInclude Include="src\KingMook.h">
      <Filter>Game\Enemy</Filter>
    </ClInclude>
    <ClInclude Include="src\LevelRenderer.h">
      <Filter>Graphics</Filter>
    </ClInclude>
    <ClInclude Include="src\Randomiser.h">
      <Filter>System</Filter>
    </ClInclude>
    <ClInclude Include="src\Resources.h">
      <Filter>System</Filter>
    </ClInclude>
    <ClInclude Include="src\GameStateManager.h">
      <Filter>Game\States</Filter>
    </ClInclude>
    <ClInclude Include="src\State.h">
      <Filter>Game</Filter>
    </ClInclude>
    <ClInclude Include="src\StateMachine.h">
      <Filter>Game</Filter>
    </ClInclude>
    <ClInclude Include="src\Texture.h">
      <Filter>Graphics</Filter>
    </ClInclude>
    <ClInclude Include="src\AnimationStateData.h">
      <Filter>Graphics\Sprites\Animation</Filter>
    </ClInclude>
    <ClInclude Include="src\Animator.h">
      <Filter>Graphics\Sprites\Animation</Filter>
    </ClInclude>
    <ClInclude Include="src\Spritesheet.h">
      <Filter>Graphics\Sprites</Filter>
    </ClInclude>
    <ClInclude Include="src\Sprite.h">
      <Filter>Graphics\Sprites</Filter>
    </ClInclude>
    <ClInclude Include="src\SpriteFrameData.h">
      <Filter>Graphics\Sprites</Filter>
    </ClInclude>
    <ClInclude Include="src\Logger.h">
      <Filter>System</Filter>
    </ClInclude>
    <ClInclude Include="src\InitialLoadGameState.h">
      <Filter>Game\States</Filter>
    </ClInclude>
    <ClInclude Include="src\LoadingGameState.h">
      <Filter>Game\States</Filter>
    </ClInclude>
    <ClInclude Include="src\UISystemView.h">
      <Filter>UI\System</Filter>
    </ClInclude>
    <ClInclude Include="src\FadeTransitionGameState.h">
      <Filter>Game\States</Filter>
    </ClInclude>
    <ClInclude Include="src\TitleScreenGameState.h">
      <Filter>Game\States</Filter>
    </ClInclude>
    <ClInclude Include="src\UIFrontEndView.h">
      <Filter>UI\FrontEnd</Filter>
    </ClInclude>
    <ClInclude Include="src\GameStates.h">
      <Filter>Game\States</Filter>
    </ClInclude>
    <ClInclude Include="src\UIImageView.h">
      <Filter>UI\Core</Filter>
    </ClInclude>
    <ClInclude Include="src\UIView.h">
      <Filter>UI\Core</Filter>
    </ClInclude>
    <ClInclude Include="src\UITitleScreenView.h">
      <Filter>UI\FrontEnd\TitleScreen</Filter>
    </ClInclude>
    <ClInclude Include="src\UILoadingView.h">
      <Filter>UI\System\Loading</Filter>
    </ClInclude>
    <ClInclude Include="src\UIManager.h">
      <Filter>UI\Core</Filter>
    </ClInclude>
    <ClInclude Include="src\UIStackingView.h">
      <Filter>UI\Core</Filter>
    </ClInclude>
    <ClInclude Include="src\UISpriteText.h">
      <Filter>UI\Core</Filter>
    </ClInclude>
    <ClInclude Include="src\UIConfig.h">
      <Filter>UI</Filter>
    </ClInclude>
    <ClInclude Include="src\UIMainMenuView.h">
      <Filter>UI\FrontEnd\MainMenu</Filter>
    </ClInclude>
    <ClInclude Include="src\MainMenuGameState.h">
      <Filter>Game\States</Filter>
    </ClInclude>
    <ClInclude Include="src\Frame.h">
      <Filter>UI\Core</Filter>
    </ClInclude>
    <ClInclude Include="src\UIMenuItemView.h">
      <Filter>UI\Core</Filter>
    </ClInclude>
    <ClInclude Include="src\UITextMenuItemView.h">
      <Filter>UI\Shared</Filter>
    </ClInclude>
    <ClInclude Include="src\MenuSystem.h">
      <Filter>System</Filter>
    </ClInclude>
    <ClInclude Include="src\IMenuSystemInteraction.h">
      <Filter>UI\Core</Filter>
    </ClInclude>
    <ClInclude Include="src\AnimatedSpriteData.h">
      <Filter>Graphics\Sprites\Animation</Filter>
    </ClInclude>
    <ClInclude Include="src\KingMookChargeState.h">
      <Filter>Game\Enemy\States</Filter>
    </ClInclude>
    <ClInclude Include="src\AssetType.h">
      <Filter>System\Data</Filter>
    </ClInclude>
    <ClInclude Include="src\AssetData.h">
      <Filter>System\Data</Filter>
    </ClInclude>
    <ClInclude Include="src\AssetLoader.h">
      <Filter>System\Data</Filter>
    </ClInclude>
    <ClInclude Include="src\GameDataManager.h">
      <Filter>System\Data</Filter>
    </ClInclude>
    <ClInclude Include="src\UIMainView.h">
      <Filter>UI\Gameplay</Filter>
    </ClInclude>
    <ClInclude Include="src\UIHudView.h">
      <Filter>UI\Gameplay\Hud</Filter>
    </ClInclude>
    <ClInclude Include="src\UIPlayerStatsView.h">
      <Filter>UI\Gameplay\Hud</Filter>
    </ClInclude>
    <ClInclude Include="src\UIPortraitView.h">
      <Filter>UI\Gameplay\Hud</Filter>
    </ClInclude>
    <ClInclude Include="src\UIBarView.h">
      <Filter>UI\Gameplay\Hud</Filter>
    </ClInclude>
    <ClInclude Include="src\UIKillCount.h">
      <Filter>UI\Gameplay\Hud</Filter>
    </ClInclude>
    <ClInclude Include="src\UIEnemyStatsView.h">
      <Filter>UI\Gameplay\Hud</Filter>
    </ClInclude>
    <ClInclude Include="src\UIComboCounterView.h">
      <Filter>UI\Gameplay\Hud</Filter>
    </ClInclude>
    <ClInclude Include="src\UIKillMilestoneView.h">
      <Filter>UI\Gameplay\Hud</Filter>
    </ClInclude>
    <ClInclude Include="src\UIScreenFlashFX.h">
      <Filter>UI\Gameplay\ScreenFlashFX</Filter>
    </ClInclude>
    <ClInclude Include="src\Camera.h">
      <Filter>System\Camera</Filter>
    </ClInclude>
    <ClInclude Include="src\ScreenShake.h">
      <Filter>System\Camera</Filter>
    </ClInclude>
    <ClInclude Include="src\PlayerBuildSpecialState.h">
      <Filter>Game\Player\States</Filter>
    </ClInclude>
    <ClInclude Include="src\LevelCollision.h">
      <Filter>Collision</Filter>
    </ClInclude>
    <ClInclude Include="src\UISprite.h">
      <Filter>Graphics\Sprites</Filter>
    </ClInclude>
    <ClInclude Include="src\TilemapLoader.h">
      <Filter>System</Filter>
    </ClInclude>
    <ClInclude Include="src\TilemapData.h">
      <Filter>System</Filter>
    </ClInclude>
    <ClInclude Include="src\EnemyLandingState.h">
      <Filter>Game\Enemy\States</Filter>
    </ClInclude>
    <ClInclude Include="src\EnemyFallingState.h">
      <Filter>Game\Enemy\States</Filter>
    </ClInclude>
    <ClInclude Include="src\ObjectPool.h">
      <Filter>System</Filter>
    </ClInclude>
    <ClInclude Include="src\ImpactFxPool.h">
      <Filter>Graphics\VFX</Filter>
    </ClInclude>
    <ClInclude Include="src\NPCManager.h">
      <Filter>Game\Enemy</Filter>
    </ClInclude>
    <ClInclude Include="src\NPCFactory.h">
      <Filter>Game\Enemy</Filter>
    </ClInclude>
    <ClInclude Include="src\EnemySpawnManager.h">
      <Filter>Game\Enemy</Filter>
    </ClInclude>
    <ClInclude Include="src\EnemySpawner.h">
      <Filter>Game\Enemy</Filter>
    </ClInclude>
    <ClInclude Include="src\EnemyDefinition.h">
      <Filter>Game\Enemy</Filter>
    </ClInclude>
    <ClInclude Include="src\DamageData.h">
      <Filter>System\Data</Filter>
    </ClInclude>
    <ClInclude Include="src\PlayerDefinition.h">
      <Filter>Game\Player</Filter>
    </ClInclude>
    <ClInclude Include="src\AnimationEventData.h">
      <Filter>Graphics\Sprites\Animation</Filter>
    </ClInclude>
    <ClInclude Include="src\EventManager.h">
      <Filter>System</Filter>
    </ClInclude>
    <ClInclude Include="src\UIFadeOverlayView.h">
      <Filter>UI\Shared\FadeOverlay</Filter>
    </ClInclude>
    <ClInclude Include="src\UIOptionsView.h">
      <Filter>UI\Shared\Options</Filter>
    </ClInclude>
    <ClInclude Include="src\FrontEndOptionsGameState.h">
      <Filter>Game\States</Filter>
    </ClInclude>
    <ClInclude Include="src\UISliderMenuItemView.h">
      <Filter>UI\Shared</Filter>
    </ClInclude>
  </ItemGroup>
  <ItemGroup>
    <None Include="assets\fonts\goodbye_despair_8pt.spritefont">
      <Filter>Assets\Fonts</Filter>
    </None>
    <None Include="assets\fonts\goodbye_despair_12pt.spritefont">
      <Filter>Assets\Fonts</Filter>
    </None>
    <None Include="assets\data\hitboxes\mook_hitbox.json">
      <Filter>Assets\Data\Hitboxes</Filter>
    </None>
    <None Include="assets\data\hitboxes\player_hitbox.json">
      <Filter>Assets\Data\Hitboxes</Filter>
    </None>
    <None Include="assets\data\spritesheets\impactfx_spritesheet.json">
      <Filter>Assets\Data\Spritesheets</Filter>
    </None>
    <None Include="assets\data\spritesheets\mook_spritesheet.json">
      <Filter>Assets\Data\Spritesheets</Filter>
    </None>
    <None Include="assets\data\spritesheets\player_spritesheet.json">
      <Filter>Assets\Data\Spritesheets</Filter>
    </None>
    <None Include="assets\data\tilemaps\tm_bunker.json">
      <Filter>Assets\Data\Tilemaps</Filter>
    </None>
    <None Include="assets\assets.json">
      <Filter>Assets</Filter>
    </None>
    <None Include="assets\fonts\gamer_34pt.spritefont">
      <Filter>Assets\Fonts</Filter>
    </None>
    <None Include="assets\fonts\gamer_16pt.spritefont">
      <Filter>Assets\Fonts</Filter>
    </None>
    <None Include="assets\fonts\thaleah_12pt.spritefont">
      <Filter>Assets\Fonts</Filter>
    </None>
    <None Include="assets\data\hitboxes\waste-dog_hitbox.json">
      <Filter>Assets\Data\Hitboxes</Filter>
    </None>
    <None Include="assets\data\spritesheets\waste-dog_spritesheet.json">
      <Filter>Assets\Data\Spritesheets</Filter>
    </None>
    <None Include="assets\data\spritesheets\waste-lobster_spritesheet.json">
      <Filter>Assets\Data\Spritesheets</Filter>
    </None>
    <None Include="assets\data\hitboxes\waste-lobster_hitbox.json">
      <Filter>Assets\Data\Hitboxes</Filter>
    </None>
    <None Include="assets\data\tilemaps\tm_trailer-level-showcase.json">
      <Filter>Assets\Data\Tilemaps</Filter>
    </None>
    <None Include="assets\data\tilemaps\tm_lift.json">
      <Filter>Assets\Data\Tilemaps</Filter>
    </None>
    <None Include="assets\data\hitboxes\lift-spider_hitbox.json">
      <Filter>Assets\Data\Hitboxes</Filter>
    </None>
    <None Include="assets\data\spritesheets\lift-spider_spritesheet.json">
      <Filter>Assets\Data\Spritesheets</Filter>
    </None>
    <None Include="assets\data\spritesheets\dustfx_spritesheet.json">
      <Filter>Assets\Data\Spritesheets</Filter>
    </None>
    <None Include="assets\data\spritesheets\jungle-ape_spritesheet.json">
      <Filter>Assets\Textures</Filter>
    </None>
    <None Include="assets\fonts\gameboy_28pt.spritefont">
      <Filter>Assets\Fonts</Filter>
    </None>
    <None Include="assets\data\enemies\enemyDefinitions.json">
      <Filter>Assets\Data\Enemies</Filter>
    </None>
    <None Include="assets\data\player\playerDefinition.json">
      <Filter>Assets\Data\Player</Filter>
    </None>
    <None Include="assets\data\tilemaps\tm_demo.json">
      <Filter>Assets\Data\Tilemaps</Filter>
    </None>
  </ItemGroup>
  <ItemGroup>
    <Image Include="assets\textures\mook_spritesheet.png">
      <Filter>Assets\Textures</Filter>
    </Image>
    <Image Include="assets\textures\pixel.png">
      <Filter>Assets\Textures</Filter>
    </Image>
    <Image Include="assets\textures\player_spritesheet.png">
      <Filter>Assets\Textures</Filter>
    </Image>
    <Image Include="assets\textures\shadow.png">
      <Filter>Assets\Textures</Filter>
    </Image>
    <Image Include="assets\textures\shadow_large.png">
      <Filter>Assets\Textures</Filter>
    </Image>
    <Image Include="assets\textures\ui\loading_screen_bg.png">
      <Filter>Assets\Textures\UI</Filter>
    </Image>
    <Image Include="assets\textures\ui\player_won_screen.png">
      <Filter>Assets\Textures\UI</Filter>
    </Image>
    <Image Include="assets\textures\ui\title_logo.png">
      <Filter>Assets\Textures\UI</Filter>
    </Image>
    <Image Include="assets\textures\ui\title_screen_bg.png">
      <Filter>Assets\Textures\UI</Filter>
    </Image>
    <Image Include="assets\textures\ui\player-profile.png">
      <Filter>Assets\Textures\UI</Filter>
    </Image>
    <Image Include="assets\textures\ui\profile-frame.png">
      <Filter>Assets\Textures\UI</Filter>
    </Image>
    <Image Include="assets\textures\ui\bar_frame_player_health.png">
      <Filter>Assets\Textures\UI</Filter>
    </Image>
    <Image Include="assets\textures\waste-dog_spritesheet.png">
      <Filter>Assets\Textures</Filter>
    </Image>
    <Image Include="assets\textures\ui\waste-lobster_portrait.png">
      <Filter>Assets\Textures\UI</Filter>
    </Image>
    <Image Include="assets\textures\waste-lobster_spritesheet.png">
      <Filter>Assets\Textures</Filter>
    </Image>
    <Image Include="assets\textures\lift-spider_spritesheet.png">
      <Filter>Assets\Textures</Filter>
    </Image>
    <Image Include="assets\textures\dustfx.png">
      <Filter>Assets\Textures</Filter>
    </Image>
    <Image Include="assets\textures\impactfx.png">
      <Filter>Assets\Textures</Filter>
    </Image>
    <Image Include="assets\textures\jungle-ape_spritesheet.png">
      <Filter>Assets\Textures</Filter>
    </Image>
    <Image Include="assets\textures\shadow_standard.png">
      <Filter>Assets\Textures</Filter>
    </Image>
    <Image Include="assets\tilesets\ts_bunker.png">
      <Filter>Assets\Textures</Filter>
    </Image>
    <Image Include="assets\tilesets\ts_master.png">
      <Filter>Assets\Textures</Filter>
    </Image>
    <Image Include="assets\textures\ui\bar_fill_green.png">
      <Filter>Assets\Textures\UI</Filter>
    </Image>
    <Image Include="assets\textures\ui\bar_fill_red.png">
      <Filter>Assets\Textures\UI</Filter>
    </Image>
    <Image Include="assets\textures\ui\bar_fill_yellow.png">
      <Filter>Assets\Textures\UI</Filter>
    </Image>
    <Image Include="assets\textures\ui\bar_frame_enemy.png">
      <Filter>Assets\Textures\UI</Filter>
    </Image>
    <Image Include="assets\textures\ui\bar_frame_player_special.png">
      <Filter>Assets\Textures\UI</Filter>
    </Image>
    <Image Include="assets\textures\ui\bar-fill-green-dark.png">
      <Filter>Assets\Textures\UI</Filter>
    </Image>
    <Image Include="assets\textures\ui\bar-fill-red-dark.png">
      <Filter>Assets\Textures\UI</Filter>
    </Image>
    <Image Include="assets\textures\ui\bar-fill-yellow-dark.png">
      <Filter>Assets\Textures\UI</Filter>
    </Image>
    <Image Include="assets\textures\ui\waste-dog_portrait.png">
      <Filter>Assets\Textures\UI</Filter>
    </Image>
    <Image Include="assets\textures\ui\player_portrait.png">
      <Filter>Assets\Textures\UI</Filter>
    </Image>
    <Image Include="assets\textures\ui\jungle-ape_portrait.png">
      <Filter>Assets\Textures\UI</Filter>
    </Image>
    <Image Include="assets\textures\ui\portrait_frame.png">
      <Filter>Assets\Textures\UI</Filter>
    </Image>
    <Image Include="assets\textures\ui\mook_portrait.png">
      <Filter>Assets\Textures\UI</Filter>
    </Image>
    <Image Include="assets\textures\ui\lift-spider_portrait.png">
      <Filter>Assets\Textures\UI</Filter>
    </Image>
  </ItemGroup>
  <ItemGroup>
    <Media Include="assets\sounds\swingNormal_001.wav">
      <Filter>Assets\Sounds</Filter>
    </Media>
    <Media Include="assets\sounds\swingNormal_002.wav">
      <Filter>Assets\Sounds</Filter>
    </Media>
    <Media Include="assets\sounds\swingNormal_003.wav">
      <Filter>Assets\Sounds</Filter>
    </Media>
    <Media Include="assets\sounds\swingNormal_004.wav">
      <Filter>Assets\Sounds</Filter>
    </Media>
    <Media Include="assets\sounds\swingSpecial_001.wav">
      <Filter>Assets\Sounds</Filter>
    </Media>
    <Media Include="assets\sounds\swingSpecial_002.wav">
      <Filter>Assets\Sounds</Filter>
    </Media>
    <Media Include="assets\sounds\swingSpecial_003.wav">
      <Filter>Assets\Sounds</Filter>
    </Media>
    <Media Include="assets\sounds\swingStrong_001.wav">
      <Filter>Assets\Sounds</Filter>
    </Media>
    <Media Include="assets\sounds\swingStrong_002.wav">
      <Filter>Assets\Sounds</Filter>
    </Media>
    <Media Include="assets\sounds\swingStrong_003.wav">
      <Filter>Assets\Sounds</Filter>
    </Media>
    <Media Include="assets\sounds\swingStrong_004.wav">
      <Filter>Assets\Sounds</Filter>
    </Media>
    <Media Include="assets\sounds\swingStrong_005.wav">
      <Filter>Assets\Sounds</Filter>
    </Media>
    <Media Include="assets\sounds\swingStrong_006.wav">
      <Filter>Assets\Sounds</Filter>
    </Media>
    <Media Include="assets\sounds\swingStrong_007.wav">
      <Filter>Assets\Sounds</Filter>
    </Media>
  </ItemGroup>
</Project>