<?xml version="1.0" encoding="utf-8"?>
<Project ToolsVersion="4.0" xmlns="http://schemas.microsoft.com/developer/msbuild/2003">
  <ItemGroup>
    <ClCompile Include="Source\Player.cpp">
      <Filter>Source Files</Filter>
    </ClCompile>
    <ClCompile Include="Source\AABB.cpp">
      <Filter>Source Files</Filter>
    </ClCompile>
    <ClCompile Include="Source\Graphics.cpp">
      <Filter>Source Files</Filter>
    </ClCompile>
    <ClCompile Include="Source\GameState.cpp">
      <Filter>Source Files</Filter>
    </ClCompile>
    <ClCompile Include="Source\GameStateManager.cpp">
      <Filter>Source Files</Filter>
    </ClCompile>
    <ClCompile Include="Source\Input.cpp">
      <Filter>Source Files</Filter>
    </ClCompile>
    <ClCompile Include="Source\Main.cpp">
      <Filter>Source Files</Filter>
    </ClCompile>
    <ClCompile Include="Source\Randomiser.cpp">
      <Filter>Source Files</Filter>
    </ClCompile>
    <ClCompile Include="Source\Sprite.cpp">
      <Filter>Source Files</Filter>
    </ClCompile>
    <ClCompile Include="Source\Timer.cpp">
      <Filter>Source Files</Filter>
    </ClCompile>
    <ClCompile Include="Source\Window.cpp">
      <Filter>Source Files</Filter>
    </ClCompile>
    <ClCompile Include="Source\Texture.cpp">
      <Filter>Source Files</Filter>
    </ClCompile>
    <ClCompile Include="Source\GameplayGameState.cpp">
      <Filter>Source Files</Filter>
    </ClCompile>
    <ClCompile Include="Source\Error.cpp">
      <Filter>Source Files</Filter>
    </ClCompile>
    <ClCompile Include="Source\Game.cpp">
      <Filter>Source Files</Filter>
    </ClCompile>
    <ClCompile Include="Source\GameObject.cpp">
      <Filter>Source Files</Filter>
    </ClCompile>
    <ClCompile Include="Source\PlayerIdleState.cpp">
      <Filter>Source Files</Filter>
    </ClCompile>
    <ClCompile Include="Source\PlayerWalkingState.cpp">
      <Filter>Source Files</Filter>
    </ClCompile>
    <ClCompile Include="Source\ControlSystem.cpp">
      <Filter>Source Files</Filter>
    </ClCompile>
    <ClCompile Include="Source\PlayerGlobalState.cpp">
      <Filter>Source Files</Filter>
    </ClCompile>
    <ClCompile Include="Source\SpriteSheet.cpp">
      <Filter>Source Files</Filter>
    </ClCompile>
    <ClCompile Include="Source\AnimatedSprite.cpp">
      <Filter>Source Files</Filter>
    </ClCompile>
    <ClCompile Include="Source\Animator.cpp">
      <Filter>Source Files</Filter>
    </ClCompile>
    <ClCompile Include="Source\HitBox.cpp">
      <Filter>Source Files</Filter>
    </ClCompile>
    <ClCompile Include="Source\HitBoxManager.cpp">
      <Filter>Source Files</Filter>
    </ClCompile>
    <ClCompile Include="Source\PlayerJabState.cpp">
      <Filter>Source Files</Filter>
    </ClCompile>
    <ClCompile Include="Source\Dummy.cpp">
      <Filter>Source Files</Filter>
    </ClCompile>
    <ClCompile Include="Source\DummyDeadState.cpp">
      <Filter>Source Files</Filter>
    </ClCompile>
    <ClCompile Include="Source\DummyHurtState.cpp">
      <Filter>Source Files</Filter>
    </ClCompile>
    <ClCompile Include="Source\DummyIdleState.cpp">
      <Filter>Source Files</Filter>
    </ClCompile>
  </ItemGroup>
  <ItemGroup>
    <Filter Include="Header Files">
      <UniqueIdentifier>{9c628d12-de23-440d-af2f-a470855fbde8}</UniqueIdentifier>
    </Filter>
    <Filter Include="Source Files">
      <UniqueIdentifier>{c4f03af4-9746-424f-8eaa-c6867db40142}</UniqueIdentifier>
    </Filter>
    <Filter Include="Game Data">
      <UniqueIdentifier>{5ddac016-1fb2-4443-be93-f4d736282e5c}</UniqueIdentifier>
    </Filter>
    <Filter Include="Game Data\Sprite Sheet Data">
      <UniqueIdentifier>{89ef07ea-009e-4fc7-8958-e642f9b5a6da}</UniqueIdentifier>
    </Filter>
    <Filter Include="Game Data\Animation Data">
      <UniqueIdentifier>{6b386d83-ed86-4fb6-b2fc-ed523c376315}</UniqueIdentifier>
    </Filter>
    <Filter Include="Game Data\Sprites">
      <UniqueIdentifier>{8097c6c1-0b85-445b-b3c3-2776deeed50d}</UniqueIdentifier>
    </Filter>
    <Filter Include="Game Data\HitBoxData">
      <UniqueIdentifier>{80dbea2e-ece0-43f8-85e6-28b22d959618}</UniqueIdentifier>
    </Filter>
  </ItemGroup>
  <ItemGroup>
    <ClInclude Include="Source\Player.h">
      <Filter>Header Files</Filter>
    </ClInclude>
    <ClInclude Include="Source\AABB.h">
      <Filter>Header Files</Filter>
    </ClInclude>
    <ClInclude Include="Source\Constants.h">
      <Filter>Header Files</Filter>
    </ClInclude>
    <ClInclude Include="Source\Game.h">
      <Filter>Header Files</Filter>
    </ClInclude>
    <ClInclude Include="Source\GameState.h">
      <Filter>Header Files</Filter>
    </ClInclude>
    <ClInclude Include="Source\GameStateManager.h">
      <Filter>Header Files</Filter>
    </ClInclude>
    <ClInclude Include="Source\Graphics.h">
      <Filter>Header Files</Filter>
    </ClInclude>
    <ClInclude Include="Source\Input.h">
      <Filter>Header Files</Filter>
    </ClInclude>
    <ClInclude Include="Source\pch.h">
      <Filter>Header Files</Filter>
    </ClInclude>
    <ClInclude Include="Source\Randomiser.h">
      <Filter>Header Files</Filter>
    </ClInclude>
    <ClInclude Include="Source\Resources.h">
      <Filter>Header Files</Filter>
    </ClInclude>
    <ClInclude Include="Source\Sprite.h">
      <Filter>Header Files</Filter>
    </ClInclude>
    <ClInclude Include="Source\Timer.h">
      <Filter>Header Files</Filter>
    </ClInclude>
    <ClInclude Include="Source\UnitVectors.h">
      <Filter>Header Files</Filter>
    </ClInclude>
    <ClInclude Include="Source\Window.h">
      <Filter>Header Files</Filter>
    </ClInclude>
    <ClInclude Include="Source\Texture.h">
      <Filter>Header Files</Filter>
    </ClInclude>
    <ClInclude Include="Source\GameplayGameState.h">
      <Filter>Header Files</Filter>
    </ClInclude>
    <ClInclude Include="Source\Error.h">
      <Filter>Header Files</Filter>
    </ClInclude>
    <ClInclude Include="Source\GameObject.h">
      <Filter>Header Files</Filter>
    </ClInclude>
    <ClInclude Include="Source\AnimatedSprite.h">
      <Filter>Header Files</Filter>
    </ClInclude>
    <ClInclude Include="Source\State.h">
      <Filter>Header Files</Filter>
    </ClInclude>
    <ClInclude Include="Source\PlayerIdleState.h">
      <Filter>Header Files</Filter>
    </ClInclude>
    <ClInclude Include="Source\PlayerWalkingState.h">
      <Filter>Header Files</Filter>
    </ClInclude>
    <ClInclude Include="Source\ControlSystem.h">
      <Filter>Header Files</Filter>
    </ClInclude>
    <ClInclude Include="Source\PlayerOwnedStates.h">
      <Filter>Header Files</Filter>
    </ClInclude>
    <ClInclude Include="Source\PlayerGlobalState.h">
      <Filter>Header Files</Filter>
    </ClInclude>
    <ClInclude Include="Source\Animation.h">
      <Filter>Header Files</Filter>
    </ClInclude>
    <ClInclude Include="Source\Animator.h">
      <Filter>Header Files</Filter>
    </ClInclude>
    <ClInclude Include="Source\SpriteSheet.h">
      <Filter>Header Files</Filter>
    </ClInclude>
    <ClInclude Include="Source\HitBox.h">
      <Filter>Header Files</Filter>
    </ClInclude>
    <ClInclude Include="Source\HitBoxData.h">
      <Filter>Header Files</Filter>
    </ClInclude>
    <ClInclude Include="Source\HitBoxManager.h">
      <Filter>Header Files</Filter>
    </ClInclude>
    <ClInclude Include="Source\PlayerJabState.h">
      <Filter>Header Files</Filter>
    </ClInclude>
    <ClInclude Include="Source\Dummy.h">
      <Filter>Header Files</Filter>
    </ClInclude>
    <ClInclude Include="Source\DummyDeadState.h">
      <Filter>Header Files</Filter>
    </ClInclude>
    <ClInclude Include="Source\DummyHurtState.h">
      <Filter>Header Files</Filter>
    </ClInclude>
    <ClInclude Include="Source\DummyIdleState.h">
      <Filter>Header Files</Filter>
    </ClInclude>
    <ClInclude Include="Source\DummyOwnedStates.h">
      <Filter>Header Files</Filter>
    </ClInclude>
  </ItemGroup>
  <ItemGroup>
    <Image Include="GameData\Sprites\hitbox.png">
      <Filter>Game Data\Sprites</Filter>
    </Image>
    <Image Include="GameData\Sprites\dummySpritesheet.png">
      <Filter>Game Data\Sprites</Filter>
    </Image>
    <Image Include="GameData\Sprites\playerSpriteSheet.png">
      <Filter>Game Data\Sprites</Filter>
    </Image>
  </ItemGroup>
  <ItemGroup>
    <None Include="packages.config" />
    <None Include="GameData\AnimationData\playerAnimationData.json">
      <Filter>Game Data\Animation Data</Filter>
    </None>
    <None Include="GameData\HitBoxData\playerHitBoxData.json">
      <Filter>Game Data\HitBoxData</Filter>
    </None>
    <None Include="GameData\SpriteSheetData\playerSpriteSheetData.json">
      <Filter>Game Data\Sprite Sheet Data</Filter>
    </None>
    <None Include="GameData\SpriteSheetData\dummySpriteSheetData.json">
      <Filter>Game Data\Sprite Sheet Data</Filter>
    </None>
    <None Include="GameData\AnimationData\dummyAnimationData.json">
      <Filter>Game Data\Animation Data</Filter>
    </None>
    <None Include="GameData\HitBoxData\dummyHitBoxData.json">
      <Filter>Game Data\HitBoxData</Filter>
    </None>
  </ItemGroup>
</Project>